# This file is automatically @generated by Cargo.
# It is not intended for manual editing.
version = 3

[[package]]
name = "rap-client-cli"
version = "0.2.0"
dependencies = [
 "rens-activity-pub",
]

[[package]]
name = "rap-server"
version = "0.2.0"
dependencies = [
 "rens-activity-pub",
]

[[package]]
name = "rens-activity-pub"
version = "0.2.0"
